
Microsoft Visual Studio Solution File, Format Version 12.00
# Visual Studio Version 17
VisualStudioVersion = 17.11.35312.102
MinimumVisualStudioVersion = 10.0.40219.1
Project("{FAE04EC0-301F-11D3-BF4B-00C04F79EFBC}") = "PruebaCSharp", "PruebaCSharp\PruebaCSharp.csproj", "{E6CF23B1-31A9-4322-BC5E-7F3BB686EBC2}"
EndProject
Global
	GlobalSection(SolutionConfigurationPlatforms) = preSolution
		Debug|Any CPU = Debug|Any CPU
		Release|Any CPU = Release|Any CPU
	EndGlobalSection
	GlobalSection(ProjectConfigurationPlatforms) = postSolution
		{E6CF23B1-31A9-4322-BC5E-7F3BB686EBC2}.Debug|Any CPU.ActiveCfg = Debug|Any CPU
		{E6CF23B1-31A9-4322-BC5E-7F3BB686EBC2}.Debug|Any CPU.Build.0 = Debug|Any CPU
		{E6CF23B1-31A9-4322-BC5E-7F3BB686EBC2}.Release|Any CPU.ActiveCfg = Release|Any CPU
		{E6CF23B1-31A9-4322-BC5E-7F3BB686EBC2}.Release|Any CPU.Build.0 = Release|Any CPU
	EndGlobalSection
	GlobalSection(SolutionProperties) = preSolution
		HideSolutionNode = FALSE
	EndGlobalSection
	GlobalSection(ExtensibilityGlobals) = postSolution
		SolutionGuid = {DDB335C6-887F-45AE-B834-23C1D4D651C7}
	EndGlobalSection
EndGlobal
